
Microsoft Visual Studio Solution File, Format Version 12.00
# Visual Studio Version 17
VisualStudioVersion = 17.8.34316.72
MinimumVisualStudioVersion = 10.0.40219.1
Project("{FAE04EC0-301F-11D3-BF4B-00C04F79EFBC}") = "BootstrapEditor", "BootstrapEditor\BootstrapEditor.csproj", "{F21AE86A-8D45-4BA0-807B-EC64CCB8A43D}"
EndProject
Project("{2150E333-8FDC-42A3-9474-1A3956D46DE8}") = "Samples", "Samples", "{BDB17915-1E47-47AD-A250-568EFF1101DF}"
EndProject
Project("{FAE04EC0-301F-11D3-BF4B-00C04F79EFBC}") = "BootstrapEditor.Sample", "BootstrapEditor.Sample\BootstrapEditor.Sample.csproj", "{4A252441-048D-4855-A53F-6BF8A8062197}"
EndProject
Global
	GlobalSection(SolutionConfigurationPlatforms) = preSolution
		Debug|Any CPU = Debug|Any CPU
		Release|Any CPU = Release|Any CPU
	EndGlobalSection
	GlobalSection(ProjectConfigurationPlatforms) = postSolution
		{F21AE86A-8D45-4BA0-807B-EC64CCB8A43D}.Debug|Any CPU.ActiveCfg = Debug|Any CPU
		{F21AE86A-8D45-4BA0-807B-EC64CCB8A43D}.Debug|Any CPU.Build.0 = Debug|Any CPU
		{F21AE86A-8D45-4BA0-807B-EC64CCB8A43D}.Release|Any CPU.ActiveCfg = Release|Any CPU
		{F21AE86A-8D45-4BA0-807B-EC64CCB8A43D}.Release|Any CPU.Build.0 = Release|Any CPU
		{4A252441-048D-4855-A53F-6BF8A8062197}.Debug|Any CPU.ActiveCfg = Debug|Any CPU
		{4A252441-048D-4855-A53F-6BF8A8062197}.Debug|Any CPU.Build.0 = Debug|Any CPU
		{4A252441-048D-4855-A53F-6BF8A8062197}.Release|Any CPU.ActiveCfg = Release|Any CPU
		{4A252441-048D-4855-A53F-6BF8A8062197}.Release|Any CPU.Build.0 = Release|Any CPU
	EndGlobalSection
	GlobalSection(SolutionProperties) = preSolution
		HideSolutionNode = FALSE
	EndGlobalSection
	GlobalSection(NestedProjects) = preSolution
		{4A252441-048D-4855-A53F-6BF8A8062197} = {BDB17915-1E47-47AD-A250-568EFF1101DF}
	EndGlobalSection
	GlobalSection(ExtensibilityGlobals) = postSolution
		SolutionGuid = {68536E35-86A4-4249-8F6A-3ECA5255E0E4}
	EndGlobalSection
EndGlobal
